
Microsoft Visual Studio Solution File, Format Version 12.00
# Visual Studio Version 17
VisualStudioVersion = 17.1.32421.90
MinimumVisualStudioVersion = 10.0.40219.1
Project("{9A19103F-16F7-4668-BE54-9A1E7A4F7556}") = "Ryne.ReportingSystem.Entity", "Ryne.ReportingSystem.Entity\Ryne.ReportingSystem.Entity.csproj", "{44F8F49C-B7FE-4CBE-A8E5-FD0E36144010}"
EndProject
Project("{9A19103F-16F7-4668-BE54-9A1E7A4F7556}") = "Ryne.ReportingSystem.Application", "Ryne.ReportingSystem.Application\Ryne.ReportingSystem.Application.csproj", "{4D085978-C8D3-4DBB-B82E-8692A2FE7213}"
EndProject
Project("{9A19103F-16F7-4668-BE54-9A1E7A4F7556}") = "Ryne.ReportingSystem.ConsoleClient", "Ryne.ReportingSystem.ConsoleClient\Ryne.ReportingSystem.ConsoleClient.csproj", "{4C2CEF12-162B-4ACA-8965-C75439B5B174}"
	ProjectSection(ProjectDependencies) = postProject
		{4D085978-C8D3-4DBB-B82E-8692A2FE7213} = {4D085978-C8D3-4DBB-B82E-8692A2FE7213}
	EndProjectSection
EndProject
Project("{9A19103F-16F7-4668-BE54-9A1E7A4F7556}") = "Ryne.ReportingSystem.Web", "Ryne.ReportingSystem.Web\Ryne.ReportingSystem.Web.csproj", "{416FB9F3-AE6D-4985-9245-89ABC52FCAF6}"
	ProjectSection(ProjectDependencies) = postProject
		{4D085978-C8D3-4DBB-B82E-8692A2FE7213} = {4D085978-C8D3-4DBB-B82E-8692A2FE7213}
	EndProjectSection
EndProject
Project("{2150E333-8FDC-42A3-9474-1A3956D46DE8}") = "Solution Items", "Solution Items", "{832D590C-C65C-461D-BFFE-072281E631CE}"
	ProjectSection(SolutionItems) = preProject
		.editorconfig = .editorconfig
	EndProjectSection
EndProject
Project("{FAE04EC0-301F-11D3-BF4B-00C04F79EFBC}") = "Ryne.ReportingSystem.Tests", "Ryne.ReportingSystem.Tests\Ryne.ReportingSystem.Tests.csproj", "{968678D4-CC98-4441-B4FB-65017F8444E2}"
EndProject
Global
	GlobalSection(SolutionConfigurationPlatforms) = preSolution
		Debug|Any CPU = Debug|Any CPU
		Release|Any CPU = Release|Any CPU
	EndGlobalSection
	GlobalSection(ProjectConfigurationPlatforms) = postSolution
		{44F8F49C-B7FE-4CBE-A8E5-FD0E36144010}.Debug|Any CPU.ActiveCfg = Debug|Any CPU
		{44F8F49C-B7FE-4CBE-A8E5-FD0E36144010}.Debug|Any CPU.Build.0 = Debug|Any CPU
		{44F8F49C-B7FE-4CBE-A8E5-FD0E36144010}.Release|Any CPU.ActiveCfg = Release|Any CPU
		{44F8F49C-B7FE-4CBE-A8E5-FD0E36144010}.Release|Any CPU.Build.0 = Release|Any CPU
		{4D085978-C8D3-4DBB-B82E-8692A2FE7213}.Debug|Any CPU.ActiveCfg = Debug|Any CPU
		{4D085978-C8D3-4DBB-B82E-8692A2FE7213}.Debug|Any CPU.Build.0 = Debug|Any CPU
		{4D085978-C8D3-4DBB-B82E-8692A2FE7213}.Release|Any CPU.ActiveCfg = Release|Any CPU
		{4D085978-C8D3-4DBB-B82E-8692A2FE7213}.Release|Any CPU.Build.0 = Release|Any CPU
		{4C2CEF12-162B-4ACA-8965-C75439B5B174}.Debug|Any CPU.ActiveCfg = Debug|Any CPU
		{4C2CEF12-162B-4ACA-8965-C75439B5B174}.Debug|Any CPU.Build.0 = Debug|Any CPU
		{4C2CEF12-162B-4ACA-8965-C75439B5B174}.Release|Any CPU.ActiveCfg = Release|Any CPU
		{4C2CEF12-162B-4ACA-8965-C75439B5B174}.Release|Any CPU.Build.0 = Release|Any CPU
		{416FB9F3-AE6D-4985-9245-89ABC52FCAF6}.Debug|Any CPU.ActiveCfg = Debug|Any CPU
		{416FB9F3-AE6D-4985-9245-89ABC52FCAF6}.Debug|Any CPU.Build.0 = Debug|Any CPU
		{416FB9F3-AE6D-4985-9245-89ABC52FCAF6}.Release|Any CPU.ActiveCfg = Release|Any CPU
		{416FB9F3-AE6D-4985-9245-89ABC52FCAF6}.Release|Any CPU.Build.0 = Release|Any CPU
		{968678D4-CC98-4441-B4FB-65017F8444E2}.Debug|Any CPU.ActiveCfg = Debug|Any CPU
		{968678D4-CC98-4441-B4FB-65017F8444E2}.Debug|Any CPU.Build.0 = Debug|Any CPU
		{968678D4-CC98-4441-B4FB-65017F8444E2}.Release|Any CPU.ActiveCfg = Release|Any CPU
		{968678D4-CC98-4441-B4FB-65017F8444E2}.Release|Any CPU.Build.0 = Release|Any CPU
	EndGlobalSection
	GlobalSection(SolutionProperties) = preSolution
		HideSolutionNode = FALSE
	EndGlobalSection
	GlobalSection(ExtensibilityGlobals) = postSolution
		SolutionGuid = {39A4D491-8FFD-4584-98A5-363F7C3D1E4C}
	EndGlobalSection
EndGlobal
