
Microsoft Visual Studio Solution File, Format Version 12.00
# Visual Studio Version 17
VisualStudioVersion = 17.1.32421.90
MinimumVisualStudioVersion = 10.0.40219.1
Project("{FAE04EC0-301F-11D3-BF4B-00C04F79EFBC}") = "Ryne.ReportingSystem.Entity", "Ryne.ReportingSystem.Entity\Ryne.ReportingSystem.Entity.csproj", "{44F8F49C-B7FE-4CBE-A8E5-FD0E36144010}"
EndProject
Project("{FAE04EC0-301F-11D3-BF4B-00C04F79EFBC}") = "Ryne.ReportingSystem.Application", "Ryne.ReportingSystem.Application\Ryne.ReportingSystem.Application.csproj", "{4D085978-C8D3-4DBB-B82E-8692A2FE7213}"
EndProject
Global
	GlobalSection(SolutionConfigurationPlatforms) = preSolution
		Debug|Any CPU = Debug|Any CPU
		Release|Any CPU = Release|Any CPU
	EndGlobalSection
	GlobalSection(ProjectConfigurationPlatforms) = postSolution
		{44F8F49C-B7FE-4CBE-A8E5-FD0E36144010}.Debug|Any CPU.ActiveCfg = Debug|Any CPU
		{44F8F49C-B7FE-4CBE-A8E5-FD0E36144010}.Debug|Any CPU.Build.0 = Debug|Any CPU
		{44F8F49C-B7FE-4CBE-A8E5-FD0E36144010}.Release|Any CPU.ActiveCfg = Release|Any CPU
		{44F8F49C-B7FE-4CBE-A8E5-FD0E36144010}.Release|Any CPU.Build.0 = Release|Any CPU
		{4D085978-C8D3-4DBB-B82E-8692A2FE7213}.Debug|Any CPU.ActiveCfg = Debug|Any CPU
		{4D085978-C8D3-4DBB-B82E-8692A2FE7213}.Debug|Any CPU.Build.0 = Debug|Any CPU
		{4D085978-C8D3-4DBB-B82E-8692A2FE7213}.Release|Any CPU.ActiveCfg = Release|Any CPU
		{4D085978-C8D3-4DBB-B82E-8692A2FE7213}.Release|Any CPU.Build.0 = Release|Any CPU
	EndGlobalSection
	GlobalSection(SolutionProperties) = preSolution
		HideSolutionNode = FALSE
	EndGlobalSection
	GlobalSection(ExtensibilityGlobals) = postSolution
		SolutionGuid = {39A4D491-8FFD-4584-98A5-363F7C3D1E4C}
	EndGlobalSection
EndGlobal
